
Microsoft Visual Studio Solution File, Format Version 12.00
# Visual Studio 15
VisualStudioVersion = 15.0.28307.902
MinimumVisualStudioVersion = 10.0.40219.1
Project("{2150E333-8FDC-42A3-9474-1A3956D46DE8}") = "src", "src", "{93561DDF-7C87-4219-9770-2CA7ADAD6F14}"
EndProject
Project("{2150E333-8FDC-42A3-9474-1A3956D46DE8}") = "API", "API", "{F9000817-8CF1-4148-8080-753411409657}"
EndProject
Project("{2150E333-8FDC-42A3-9474-1A3956D46DE8}") = "Tests", "Tests", "{C0110612-E43F-43BB-B0D5-1BA5198E3920}"
EndProject
Project("{9A19103F-16F7-4668-BE54-9A1E7A4F7556}") = "ObrasBibliograficas.Api", "src\Api\ObrasBibliograficas\ObrasBibliograficas.Api.csproj", "{00A4126A-4185-4011-B5AF-46978D9D16E6}"
EndProject
Project("{9A19103F-16F7-4668-BE54-9A1E7A4F7556}") = "ObrasBibliograficas.Test", "src\Tests\ObrasBibliograficas.Test\ObrasBibliograficas.Test.csproj", "{F7889B17-6DFC-434A-B851-BA9D55B7E91B}"
EndProject
Project("{2150E333-8FDC-42A3-9474-1A3956D46DE8}") = "UI", "UI", "{17B75305-B636-44FA-B63C-2D3DDFF10009}"
EndProject
Project("{9A19103F-16F7-4668-BE54-9A1E7A4F7556}") = "ObrasBibliograficas.UI", "src\UI\ObrasBibliograficas.UI\ObrasBibliograficas.UI.csproj", "{A4041CB9-BE59-4007-8A72-E91D6D5E0ACB}"
EndProject
Global
	GlobalSection(SolutionConfigurationPlatforms) = preSolution
		Debug|Any CPU = Debug|Any CPU
		Release|Any CPU = Release|Any CPU
	EndGlobalSection
	GlobalSection(ProjectConfigurationPlatforms) = postSolution
		{00A4126A-4185-4011-B5AF-46978D9D16E6}.Debug|Any CPU.ActiveCfg = Debug|Any CPU
		{00A4126A-4185-4011-B5AF-46978D9D16E6}.Debug|Any CPU.Build.0 = Debug|Any CPU
		{00A4126A-4185-4011-B5AF-46978D9D16E6}.Release|Any CPU.ActiveCfg = Release|Any CPU
		{00A4126A-4185-4011-B5AF-46978D9D16E6}.Release|Any CPU.Build.0 = Release|Any CPU
		{F7889B17-6DFC-434A-B851-BA9D55B7E91B}.Debug|Any CPU.ActiveCfg = Debug|Any CPU
		{F7889B17-6DFC-434A-B851-BA9D55B7E91B}.Debug|Any CPU.Build.0 = Debug|Any CPU
		{F7889B17-6DFC-434A-B851-BA9D55B7E91B}.Release|Any CPU.ActiveCfg = Release|Any CPU
		{F7889B17-6DFC-434A-B851-BA9D55B7E91B}.Release|Any CPU.Build.0 = Release|Any CPU
		{A4041CB9-BE59-4007-8A72-E91D6D5E0ACB}.Debug|Any CPU.ActiveCfg = Debug|Any CPU
		{A4041CB9-BE59-4007-8A72-E91D6D5E0ACB}.Debug|Any CPU.Build.0 = Debug|Any CPU
		{A4041CB9-BE59-4007-8A72-E91D6D5E0ACB}.Release|Any CPU.ActiveCfg = Release|Any CPU
		{A4041CB9-BE59-4007-8A72-E91D6D5E0ACB}.Release|Any CPU.Build.0 = Release|Any CPU
	EndGlobalSection
	GlobalSection(SolutionProperties) = preSolution
		HideSolutionNode = FALSE
	EndGlobalSection
	GlobalSection(NestedProjects) = preSolution
		{F9000817-8CF1-4148-8080-753411409657} = {93561DDF-7C87-4219-9770-2CA7ADAD6F14}
		{C0110612-E43F-43BB-B0D5-1BA5198E3920} = {93561DDF-7C87-4219-9770-2CA7ADAD6F14}
		{00A4126A-4185-4011-B5AF-46978D9D16E6} = {F9000817-8CF1-4148-8080-753411409657}
		{F7889B17-6DFC-434A-B851-BA9D55B7E91B} = {C0110612-E43F-43BB-B0D5-1BA5198E3920}
		{17B75305-B636-44FA-B63C-2D3DDFF10009} = {93561DDF-7C87-4219-9770-2CA7ADAD6F14}
		{A4041CB9-BE59-4007-8A72-E91D6D5E0ACB} = {17B75305-B636-44FA-B63C-2D3DDFF10009}
	EndGlobalSection
	GlobalSection(ExtensibilityGlobals) = postSolution
		SolutionGuid = {4E2590E0-90A8-4D87-AE73-423002B0458B}
	EndGlobalSection
EndGlobal
